
Microsoft Visual Studio Solution File, Format Version 12.00
# Visual Studio Version 17
VisualStudioVersion = 17.4.33205.214
MinimumVisualStudioVersion = 10.0.40219.1
Project("{FAE04EC0-301F-11D3-BF4B-00C04F79EFBC}") = "211792H", "211792H.csproj", "{C7AD27B6-6299-4DA4-AC4F-2BD6547EE843}"
EndProject
Global
	GlobalSection(SolutionConfigurationPlatforms) = preSolution
		Debug|Any CPU = Debug|Any CPU
		Release|Any CPU = Release|Any CPU
	EndGlobalSection
	GlobalSection(ProjectConfigurationPlatforms) = postSolution
		{C7AD27B6-6299-4DA4-AC4F-2BD6547EE843}.Debug|Any CPU.ActiveCfg = Debug|Any CPU
		{C7AD27B6-6299-4DA4-AC4F-2BD6547EE843}.Debug|Any CPU.Build.0 = Debug|Any CPU
		{C7AD27B6-6299-4DA4-AC4F-2BD6547EE843}.Release|Any CPU.ActiveCfg = Release|Any CPU
		{C7AD27B6-6299-4DA4-AC4F-2BD6547EE843}.Release|Any CPU.Build.0 = Release|Any CPU
	EndGlobalSection
	GlobalSection(SolutionProperties) = preSolution
		HideSolutionNode = FALSE
	EndGlobalSection
	GlobalSection(ExtensibilityGlobals) = postSolution
		SolutionGuid = {C23E02B5-C6AE-4F4E-82F2-1468AB88C943}
	EndGlobalSection
EndGlobal
